
Microsoft Visual Studio Solution File, Format Version 12.00
# Visual Studio Version 16
VisualStudioVersion = 16.0.29411.108
MinimumVisualStudioVersion = 10.0.40219.1
Project("{9A19103F-16F7-4668-BE54-9A1E7A4F7556}") = "Len.Core", "src\Len.Core\Len.Core.csproj", "{1F67E16D-746A-4193-8A55-4F0CFC8430FF}"
EndProject
Project("{9A19103F-16F7-4668-BE54-9A1E7A4F7556}") = "Len.Transfer.ConsoleApp", "src\Len.Transfer.ConsoleApp\Len.Transfer.ConsoleApp.csproj", "{B774D741-F56C-4E44-98B4-36DDE68773D8}"
EndProject
Project("{FAE04EC0-301F-11D3-BF4B-00C04F79EFBC}") = "Len.Transfer", "src\Len.Transfer\Len.Transfer.csproj", "{DF2C50E7-A24E-4728-876B-3E202A7C974B}"
EndProject
Global
	GlobalSection(SolutionConfigurationPlatforms) = preSolution
		Debug|Any CPU = Debug|Any CPU
		Release|Any CPU = Release|Any CPU
	EndGlobalSection
	GlobalSection(ProjectConfigurationPlatforms) = postSolution
		{1F67E16D-746A-4193-8A55-4F0CFC8430FF}.Debug|Any CPU.ActiveCfg = Debug|Any CPU
		{1F67E16D-746A-4193-8A55-4F0CFC8430FF}.Debug|Any CPU.Build.0 = Debug|Any CPU
		{1F67E16D-746A-4193-8A55-4F0CFC8430FF}.Release|Any CPU.ActiveCfg = Release|Any CPU
		{1F67E16D-746A-4193-8A55-4F0CFC8430FF}.Release|Any CPU.Build.0 = Release|Any CPU
		{B774D741-F56C-4E44-98B4-36DDE68773D8}.Debug|Any CPU.ActiveCfg = Debug|Any CPU
		{B774D741-F56C-4E44-98B4-36DDE68773D8}.Debug|Any CPU.Build.0 = Debug|Any CPU
		{B774D741-F56C-4E44-98B4-36DDE68773D8}.Release|Any CPU.ActiveCfg = Release|Any CPU
		{B774D741-F56C-4E44-98B4-36DDE68773D8}.Release|Any CPU.Build.0 = Release|Any CPU
		{DF2C50E7-A24E-4728-876B-3E202A7C974B}.Debug|Any CPU.ActiveCfg = Debug|Any CPU
		{DF2C50E7-A24E-4728-876B-3E202A7C974B}.Debug|Any CPU.Build.0 = Debug|Any CPU
		{DF2C50E7-A24E-4728-876B-3E202A7C974B}.Release|Any CPU.ActiveCfg = Release|Any CPU
		{DF2C50E7-A24E-4728-876B-3E202A7C974B}.Release|Any CPU.Build.0 = Release|Any CPU
	EndGlobalSection
	GlobalSection(SolutionProperties) = preSolution
		HideSolutionNode = FALSE
	EndGlobalSection
	GlobalSection(ExtensibilityGlobals) = postSolution
		SolutionGuid = {C301F91F-F7CB-414C-B296-A78C559FE2CE}
	EndGlobalSection
EndGlobal
